
Microsoft Visual Studio Solution File, Format Version 12.00
# Visual Studio 15
VisualStudioVersion = 15.0.28307.421
MinimumVisualStudioVersion = 10.0.40219.1
Project("{9A19103F-16F7-4668-BE54-9A1E7A4F7556}") = "Word Clock Web", "Word Clock Web.csproj", "{B531AD03-4295-40E0-93B5-BB43314682A6}"
EndProject
Global
	GlobalSection(SolutionConfigurationPlatforms) = preSolution
		Debug|Any CPU = Debug|Any CPU
		Release|Any CPU = Release|Any CPU
	EndGlobalSection
	GlobalSection(ProjectConfigurationPlatforms) = postSolution
		{B531AD03-4295-40E0-93B5-BB43314682A6}.Debug|Any CPU.ActiveCfg = Debug|Any CPU
		{B531AD03-4295-40E0-93B5-BB43314682A6}.Debug|Any CPU.Build.0 = Debug|Any CPU
		{B531AD03-4295-40E0-93B5-BB43314682A6}.Release|Any CPU.ActiveCfg = Release|Any CPU
		{B531AD03-4295-40E0-93B5-BB43314682A6}.Release|Any CPU.Build.0 = Release|Any CPU
	EndGlobalSection
	GlobalSection(SolutionProperties) = preSolution
		HideSolutionNode = FALSE
	EndGlobalSection
	GlobalSection(ExtensibilityGlobals) = postSolution
		SolutionGuid = {F84DDD10-1222-4307-BFA2-609832B078E1}
	EndGlobalSection
EndGlobal
